
Microsoft Visual Studio Solution File, Format Version 12.00
# Visual Studio 15
VisualStudioVersion = 15.0.27703.2035
MinimumVisualStudioVersion = 10.0.40219.1
Project("{FAE04EC0-301F-11D3-BF4B-00C04F79EFBC}") = "NlogPerformanceTest", "NlogPerformanceTest\NlogPerformanceTest.csproj", "{5E7C9DBF-A6BA-47B4-8334-7F2B145F2DB6}"
EndProject
Global
	GlobalSection(SolutionConfigurationPlatforms) = preSolution
		Debug|Any CPU = Debug|Any CPU
		Release|Any CPU = Release|Any CPU
	EndGlobalSection
	GlobalSection(ProjectConfigurationPlatforms) = postSolution
		{5E7C9DBF-A6BA-47B4-8334-7F2B145F2DB6}.Debug|Any CPU.ActiveCfg = Debug|Any CPU
		{5E7C9DBF-A6BA-47B4-8334-7F2B145F2DB6}.Debug|Any CPU.Build.0 = Debug|Any CPU
		{5E7C9DBF-A6BA-47B4-8334-7F2B145F2DB6}.Release|Any CPU.ActiveCfg = Release|Any CPU
		{5E7C9DBF-A6BA-47B4-8334-7F2B145F2DB6}.Release|Any CPU.Build.0 = Release|Any CPU
	EndGlobalSection
	GlobalSection(SolutionProperties) = preSolution
		HideSolutionNode = FALSE
	EndGlobalSection
	GlobalSection(ExtensibilityGlobals) = postSolution
		SolutionGuid = {4BB6B879-79DD-4B40-B293-DB2602C56402}
	EndGlobalSection
EndGlobal
